
Microsoft Visual Studio Solution File, Format Version 12.00
# Visual Studio Version 16
VisualStudioVersion = 16.0.31515.178
MinimumVisualStudioVersion = 10.0.40219.1
Project("{8BC9CEB8-8B4A-11D0-8D11-00A0C91BC942}") = "课程1-6（选择语句）", "课程1-6（选择语句）\课程1-6（选择语句）.vcxproj", "{A17DF7FF-7A5A-4019-A44B-13C134EB83EA}"
EndProject
Global
	GlobalSection(SolutionConfigurationPlatforms) = preSolution
		Debug|x64 = Debug|x64
		Debug|x86 = Debug|x86
		Release|x64 = Release|x64
		Release|x86 = Release|x86
	EndGlobalSection
	GlobalSection(ProjectConfigurationPlatforms) = postSolution
		{A17DF7FF-7A5A-4019-A44B-13C134EB83EA}.Debug|x64.ActiveCfg = Debug|x64
		{A17DF7FF-7A5A-4019-A44B-13C134EB83EA}.Debug|x64.Build.0 = Debug|x64
		{A17DF7FF-7A5A-4019-A44B-13C134EB83EA}.Debug|x86.ActiveCfg = Debug|Win32
		{A17DF7FF-7A5A-4019-A44B-13C134EB83EA}.Debug|x86.Build.0 = Debug|Win32
		{A17DF7FF-7A5A-4019-A44B-13C134EB83EA}.Release|x64.ActiveCfg = Release|x64
		{A17DF7FF-7A5A-4019-A44B-13C134EB83EA}.Release|x64.Build.0 = Release|x64
		{A17DF7FF-7A5A-4019-A44B-13C134EB83EA}.Release|x86.ActiveCfg = Release|Win32
		{A17DF7FF-7A5A-4019-A44B-13C134EB83EA}.Release|x86.Build.0 = Release|Win32
	EndGlobalSection
	GlobalSection(SolutionProperties) = preSolution
		HideSolutionNode = FALSE
	EndGlobalSection
	GlobalSection(ExtensibilityGlobals) = postSolution
		SolutionGuid = {B1C416ED-233C-46EF-A6A1-DD0A9CF32FF3}
	EndGlobalSection
EndGlobal
